Microsoft Visual Studio Solution File, Format Version 12.00
# Visual Studio Version 17
VisualStudioVersion = 17.6.33815.320
MinimumVisualStudioVersion = 10.0.40219.1
Project("{2150E333-8FDC-42A3-9474-1A3956D46DE8}") = "Doctors", "Doctors", "{5B6B416C-C0BA-4AAD-A5BF-9010D0BC585D}"
EndProject
Project("{2150E333-8FDC-42A3-9474-1A3956D46DE8}") = "Patients", "Patients", "{CD4C8CA1-B31E-4ACC-96BD-C1CF9EF7782B}"
EndProject
Project("{2150E333-8FDC-42A3-9474-1A3956D46DE8}") = "Appointments", "Appointments", "{B96F65B7-C5CE-4853-8AE3-312F8FB99711}"
EndProject
Project("{2150E333-8FDC-42A3-9474-1A3956D46DE8}") = "Clinics", "Clinics", "{3F1D7D5D-B370-4420-8910-41991B52E15A}"
EndProject
Project("{2150E333-8FDC-42A3-9474-1A3956D46DE8}") = "Offer", "Offer", "{A31B3133-6579-41B5-AEB7-D1BB5C97BDA1}"
EndProject
Project("{2150E333-8FDC-42A3-9474-1A3956D46DE8}") = "Timetable", "Timetable", "{7AD5B254-8555-4DDA-8F1C-34B6DDE7FF16}"
EndProject
Project("{2150E333-8FDC-42A3-9474-1A3956D46DE8}") = "Drugs", "Drugs", "{555BEA52-D048-4C1B-8A30-076101FBA352}"
EndProject
Project("{9A19103F-16F7-4668-BE54-9A1E7A4F7556}") = "Doctors.Domain", "Doctors\Doctors.Domain\Doctors.Domain.csproj", "{168F1F43-054A-4756-B5E8-59E20DD83808}"
EndProject
Project("{9A19103F-16F7-4668-BE54-9A1E7A4F7556}") = "Doctors.Services", "Doctors\Doctors.Services\Doctors.Services.csproj", "{1CC608FE-8B6E-4834-960C-F04DCD883D21}"
EndProject
Project("{9A19103F-16F7-4668-BE54-9A1E7A4F7556}") = "Doctors.Infrastructure", "Doctors\Doctors.Infrastructure\Doctors.Infrastructure.csproj", "{4D145F84-83B7-4F9C-A39A-0079DBB7C64E}"
EndProject
Project("{2150E333-8FDC-42A3-9474-1A3956D46DE8}") = "Shared", "Shared", "{CAFD1A98-36A4-4DF3-B39A-2F82ADED93E7}"
EndProject
Project("{9A19103F-16F7-4668-BE54-9A1E7A4F7556}") = "Shared.Domain", "Shared\Shared.Domain\Shared.Domain.csproj", "{E1A3A14E-6508-4C8D-ACE1-9B43AA230CCC}"
EndProject
Project("{9A19103F-16F7-4668-BE54-9A1E7A4F7556}") = "Shared.Services", "Shared\Shared.Services\Shared.Services.csproj", "{50A59804-7438-475C-A057-0BE39DFE2B01}"
EndProject
Project("{9A19103F-16F7-4668-BE54-9A1E7A4F7556}") = "Shared.Infrastructure", "Shared\Shared.Infrastructure\Shared.Infrastructure.csproj", "{17F1C08B-0EA1-400F-B59D-D2B7A10D803C}"
EndProject
Project("{9A19103F-16F7-4668-BE54-9A1E7A4F7556}") = "Doctors.API", "Doctors\Doctors.API\Doctors.API.csproj", "{3DAB5C3F-1086-4FF2-B84B-1C3B755904BA}"
EndProject
Project("{E53339B2-1760-4266-BCC7-CA923CBCF16C}") = "docker-compose", "docker-compose\docker-compose.dcproj", "{E455AF9E-6D51-4579-9296-B1992616637B}"
EndProject
Project("{9A19103F-16F7-4668-BE54-9A1E7A4F7556}") = "Shared.API", "Shared\Shared.API\Shared.API.csproj", "{BA7D9855-DE22-4129-9FD9-15DDCFD1D399}"
EndProject
Project("{9A19103F-16F7-4668-BE54-9A1E7A4F7556}") = "Clinics.Domain", "Clinics\Clinics.Domain\Clinics.Domain.csproj", "{6C4412FD-CAC4-4853-A266-665902EF4DAF}"
EndProject
Project("{FAE04EC0-301F-11D3-BF4B-00C04F79EFBC}") = "Clinics.Services", "Clinics\Clinics.Services\Clinics.Services.csproj", "{B3DC5887-2E4A-4F26-A6A4-6FCBD0761C8A}"
EndProject
Project("{FAE04EC0-301F-11D3-BF4B-00C04F79EFBC}") = "Clinics.Infrastructure", "Clinics\Clinics.Infrastructure\Clinics.Infrastructure.csproj", "{8067FAC7-6576-4482-ADB7-66CE028005EC}"
EndProject
Project("{FAE04EC0-301F-11D3-BF4B-00C04F79EFBC}") = "Clinics.API", "Clinics\Clinics.API\Clinics.API.csproj", "{661AB8DB-9419-4FD2-B383-524C8E0A5379}"
EndProject
Global
	GlobalSection(SolutionConfigurationPlatforms) = preSolution
		Debug|Any CPU = Debug|Any CPU
		Release|Any CPU = Release|Any CPU
	EndGlobalSection
	GlobalSection(ProjectConfigurationPlatforms) = postSolution
		{168F1F43-054A-4756-B5E8-59E20DD83808}.Debug|Any CPU.ActiveCfg = Debug|Any CPU
		{168F1F43-054A-4756-B5E8-59E20DD83808}.Debug|Any CPU.Build.0 = Debug|Any CPU
		{168F1F43-054A-4756-B5E8-59E20DD83808}.Release|Any CPU.ActiveCfg = Release|Any CPU
		{168F1F43-054A-4756-B5E8-59E20DD83808}.Release|Any CPU.Build.0 = Release|Any CPU
		{1CC608FE-8B6E-4834-960C-F04DCD883D21}.Debug|Any CPU.ActiveCfg = Debug|Any CPU
		{1CC608FE-8B6E-4834-960C-F04DCD883D21}.Debug|Any CPU.Build.0 = Debug|Any CPU
		{1CC608FE-8B6E-4834-960C-F04DCD883D21}.Release|Any CPU.ActiveCfg = Release|Any CPU
		{1CC608FE-8B6E-4834-960C-F04DCD883D21}.Release|Any CPU.Build.0 = Release|Any CPU
		{4D145F84-83B7-4F9C-A39A-0079DBB7C64E}.Debug|Any CPU.ActiveCfg = Debug|Any CPU
		{4D145F84-83B7-4F9C-A39A-0079DBB7C64E}.Debug|Any CPU.Build.0 = Debug|Any CPU
		{4D145F84-83B7-4F9C-A39A-0079DBB7C64E}.Release|Any CPU.ActiveCfg = Release|Any CPU
		{4D145F84-83B7-4F9C-A39A-0079DBB7C64E}.Release|Any CPU.Build.0 = Release|Any CPU
		{E1A3A14E-6508-4C8D-ACE1-9B43AA230CCC}.Debug|Any CPU.ActiveCfg = Debug|Any CPU
		{E1A3A14E-6508-4C8D-ACE1-9B43AA230CCC}.Debug|Any CPU.Build.0 = Debug|Any CPU
		{E1A3A14E-6508-4C8D-ACE1-9B43AA230CCC}.Release|Any CPU.ActiveCfg = Release|Any CPU
		{E1A3A14E-6508-4C8D-ACE1-9B43AA230CCC}.Release|Any CPU.Build.0 = Release|Any CPU
		{50A59804-7438-475C-A057-0BE39DFE2B01}.Debug|Any CPU.ActiveCfg = Debug|Any CPU
		{50A59804-7438-475C-A057-0BE39DFE2B01}.Debug|Any CPU.Build.0 = Debug|Any CPU
		{50A59804-7438-475C-A057-0BE39DFE2B01}.Release|Any CPU.ActiveCfg = Release|Any CPU
		{50A59804-7438-475C-A057-0BE39DFE2B01}.Release|Any CPU.Build.0 = Release|Any CPU
		{17F1C08B-0EA1-400F-B59D-D2B7A10D803C}.Debug|Any CPU.ActiveCfg = Debug|Any CPU
		{17F1C08B-0EA1-400F-B59D-D2B7A10D803C}.Debug|Any CPU.Build.0 = Debug|Any CPU
		{17F1C08B-0EA1-400F-B59D-D2B7A10D803C}.Release|Any CPU.ActiveCfg = Release|Any CPU
		{17F1C08B-0EA1-400F-B59D-D2B7A10D803C}.Release|Any CPU.Build.0 = Release|Any CPU
		{3DAB5C3F-1086-4FF2-B84B-1C3B755904BA}.Debug|Any CPU.ActiveCfg = Debug|Any CPU
		{3DAB5C3F-1086-4FF2-B84B-1C3B755904BA}.Debug|Any CPU.Build.0 = Debug|Any CPU
		{3DAB5C3F-1086-4FF2-B84B-1C3B755904BA}.Release|Any CPU.ActiveCfg = Release|Any CPU
		{3DAB5C3F-1086-4FF2-B84B-1C3B755904BA}.Release|Any CPU.Build.0 = Release|Any CPU
		{E455AF9E-6D51-4579-9296-B1992616637B}.Debug|Any CPU.ActiveCfg = Debug|Any CPU
		{E455AF9E-6D51-4579-9296-B1992616637B}.Debug|Any CPU.Build.0 = Debug|Any CPU
		{E455AF9E-6D51-4579-9296-B1992616637B}.Release|Any CPU.ActiveCfg = Release|Any CPU
		{E455AF9E-6D51-4579-9296-B1992616637B}.Release|Any CPU.Build.0 = Release|Any CPU
		{BA7D9855-DE22-4129-9FD9-15DDCFD1D399}.Debug|Any CPU.ActiveCfg = Debug|Any CPU
		{BA7D9855-DE22-4129-9FD9-15DDCFD1D399}.Debug|Any CPU.Build.0 = Debug|Any CPU
		{BA7D9855-DE22-4129-9FD9-15DDCFD1D399}.Release|Any CPU.ActiveCfg = Release|Any CPU
		{BA7D9855-DE22-4129-9FD9-15DDCFD1D399}.Release|Any CPU.Build.0 = Release|Any CPU
		{6C4412FD-CAC4-4853-A266-665902EF4DAF}.Debug|Any CPU.ActiveCfg = Debug|Any CPU
		{6C4412FD-CAC4-4853-A266-665902EF4DAF}.Debug|Any CPU.Build.0 = Debug|Any CPU
		{6C4412FD-CAC4-4853-A266-665902EF4DAF}.Release|Any CPU.ActiveCfg = Release|Any CPU
		{6C4412FD-CAC4-4853-A266-665902EF4DAF}.Release|Any CPU.Build.0 = Release|Any CPU
		{B3DC5887-2E4A-4F26-A6A4-6FCBD0761C8A}.Debug|Any CPU.ActiveCfg = Debug|Any CPU
		{B3DC5887-2E4A-4F26-A6A4-6FCBD0761C8A}.Debug|Any CPU.Build.0 = Debug|Any CPU
		{B3DC5887-2E4A-4F26-A6A4-6FCBD0761C8A}.Release|Any CPU.ActiveCfg = Release|Any CPU
		{B3DC5887-2E4A-4F26-A6A4-6FCBD0761C8A}.Release|Any CPU.Build.0 = Release|Any CPU
		{8067FAC7-6576-4482-ADB7-66CE028005EC}.Debug|Any CPU.ActiveCfg = Debug|Any CPU
		{8067FAC7-6576-4482-ADB7-66CE028005EC}.Debug|Any CPU.Build.0 = Debug|Any CPU
		{8067FAC7-6576-4482-ADB7-66CE028005EC}.Release|Any CPU.ActiveCfg = Release|Any CPU
		{8067FAC7-6576-4482-ADB7-66CE028005EC}.Release|Any CPU.Build.0 = Release|Any CPU
		{661AB8DB-9419-4FD2-B383-524C8E0A5379}.Debug|Any CPU.ActiveCfg = Debug|Any CPU
		{661AB8DB-9419-4FD2-B383-524C8E0A5379}.Debug|Any CPU.Build.0 = Debug|Any CPU
		{661AB8DB-9419-4FD2-B383-524C8E0A5379}.Release|Any CPU.ActiveCfg = Release|Any CPU
		{661AB8DB-9419-4FD2-B383-524C8E0A5379}.Release|Any CPU.Build.0 = Release|Any CPU
	EndGlobalSection
	GlobalSection(SolutionProperties) = preSolution
		HideSolutionNode = FALSE
	EndGlobalSection
	GlobalSection(NestedProjects) = preSolution
		{168F1F43-054A-4756-B5E8-59E20DD83808} = {5B6B416C-C0BA-4AAD-A5BF-9010D0BC585D}
		{1CC608FE-8B6E-4834-960C-F04DCD883D21} = {5B6B416C-C0BA-4AAD-A5BF-9010D0BC585D}
		{4D145F84-83B7-4F9C-A39A-0079DBB7C64E} = {5B6B416C-C0BA-4AAD-A5BF-9010D0BC585D}
		{E1A3A14E-6508-4C8D-ACE1-9B43AA230CCC} = {CAFD1A98-36A4-4DF3-B39A-2F82ADED93E7}
		{50A59804-7438-475C-A057-0BE39DFE2B01} = {CAFD1A98-36A4-4DF3-B39A-2F82ADED93E7}
		{17F1C08B-0EA1-400F-B59D-D2B7A10D803C} = {CAFD1A98-36A4-4DF3-B39A-2F82ADED93E7}
		{3DAB5C3F-1086-4FF2-B84B-1C3B755904BA} = {5B6B416C-C0BA-4AAD-A5BF-9010D0BC585D}
		{BA7D9855-DE22-4129-9FD9-15DDCFD1D399} = {CAFD1A98-36A4-4DF3-B39A-2F82ADED93E7}
		{6C4412FD-CAC4-4853-A266-665902EF4DAF} = {3F1D7D5D-B370-4420-8910-41991B52E15A}
		{B3DC5887-2E4A-4F26-A6A4-6FCBD0761C8A} = {3F1D7D5D-B370-4420-8910-41991B52E15A}
		{8067FAC7-6576-4482-ADB7-66CE028005EC} = {3F1D7D5D-B370-4420-8910-41991B52E15A}
		{661AB8DB-9419-4FD2-B383-524C8E0A5379} = {3F1D7D5D-B370-4420-8910-41991B52E15A}
	EndGlobalSection
	GlobalSection(ExtensibilityGlobals) = postSolution
		SolutionGuid = {91AC8CE2-8495-4A43-B7C6-B9595ECA7EE1}
	EndGlobalSection
EndGlobal
